
Microsoft Visual Studio Solution File, Format Version 12.00
# Visual Studio Version 16
VisualStudioVersion = 16.0.29403.142
MinimumVisualStudioVersion = 10.0.40219.1
Project("{FAE04EC0-301F-11D3-BF4B-00C04F79EFBC}") = "SignalsTwo", "SignalsTwo\SignalsTwo.csproj", "{F1324AFE-7C01-4CA9-9557-CC62C801814F}"
EndProject
Global
	GlobalSection(SolutionConfigurationPlatforms) = preSolution
		Debug|Any CPU = Debug|Any CPU
		Release|Any CPU = Release|Any CPU
	EndGlobalSection
	GlobalSection(ProjectConfigurationPlatforms) = postSolution
		{F1324AFE-7C01-4CA9-9557-CC62C801814F}.Debug|Any CPU.ActiveCfg = Debug|Any CPU
		{F1324AFE-7C01-4CA9-9557-CC62C801814F}.Debug|Any CPU.Build.0 = Debug|Any CPU
		{F1324AFE-7C01-4CA9-9557-CC62C801814F}.Release|Any CPU.ActiveCfg = Release|Any CPU
		{F1324AFE-7C01-4CA9-9557-CC62C801814F}.Release|Any CPU.Build.0 = Release|Any CPU
	EndGlobalSection
	GlobalSection(SolutionProperties) = preSolution
		HideSolutionNode = FALSE
	EndGlobalSection
	GlobalSection(ExtensibilityGlobals) = postSolution
		SolutionGuid = {0E4F13E8-0257-41DE-B6D5-E710BE62327E}
	EndGlobalSection
EndGlobal
